
Microsoft Visual Studio Solution File, Format Version 12.00
# Visual Studio Version 17
VisualStudioVersion = 17.9.34701.34
MinimumVisualStudioVersion = 10.0.40219.1
Project("{9A19103F-16F7-4668-BE54-9A1E7A4F7556}") = "STIN_Weather", "STIN_Weather.csproj", "{787EB707-D3B3-47E4-85F4-6A1CD9CB812D}"
EndProject
Global
	GlobalSection(SolutionConfigurationPlatforms) = preSolution
		Debug|Any CPU = Debug|Any CPU
		Release|Any CPU = Release|Any CPU
	EndGlobalSection
	GlobalSection(ProjectConfigurationPlatforms) = postSolution
		{787EB707-D3B3-47E4-85F4-6A1CD9CB812D}.Debug|Any CPU.ActiveCfg = Debug|Any CPU
		{787EB707-D3B3-47E4-85F4-6A1CD9CB812D}.Debug|Any CPU.Build.0 = Debug|Any CPU
		{787EB707-D3B3-47E4-85F4-6A1CD9CB812D}.Release|Any CPU.ActiveCfg = Release|Any CPU
		{787EB707-D3B3-47E4-85F4-6A1CD9CB812D}.Release|Any CPU.Build.0 = Release|Any CPU
	EndGlobalSection
	GlobalSection(SolutionProperties) = preSolution
		HideSolutionNode = FALSE
	EndGlobalSection
	GlobalSection(ExtensibilityGlobals) = postSolution
		SolutionGuid = {78CF4F78-BFE4-4EFE-8A1C-15F7BDD2079D}
	EndGlobalSection
EndGlobal
